
Microsoft Visual Studio Solution File, Format Version 12.00
# Visual Studio Version 16
VisualStudioVersion = 16.0.31729.503
MinimumVisualStudioVersion = 10.0.40219.1
Project("{FAE04EC0-301F-11D3-BF4B-00C04F79EFBC}") = "Paint", "Paint.csproj", "{F3463D36-493C-4113-97A7-8EB58A08C532}"
EndProject
Global
	GlobalSection(SolutionConfigurationPlatforms) = preSolution
		Debug|Any CPU = Debug|Any CPU
		Release|Any CPU = Release|Any CPU
	EndGlobalSection
	GlobalSection(ProjectConfigurationPlatforms) = postSolution
		{F3463D36-493C-4113-97A7-8EB58A08C532}.Debug|Any CPU.ActiveCfg = Debug|Any CPU
		{F3463D36-493C-4113-97A7-8EB58A08C532}.Debug|Any CPU.Build.0 = Debug|Any CPU
		{F3463D36-493C-4113-97A7-8EB58A08C532}.Release|Any CPU.ActiveCfg = Release|Any CPU
		{F3463D36-493C-4113-97A7-8EB58A08C532}.Release|Any CPU.Build.0 = Release|Any CPU
	EndGlobalSection
	GlobalSection(SolutionProperties) = preSolution
		HideSolutionNode = FALSE
	EndGlobalSection
	GlobalSection(ExtensibilityGlobals) = postSolution
		SolutionGuid = {8577441C-5043-4A3E-96E1-F92B3780BF0D}
	EndGlobalSection
EndGlobal
